
Microsoft Visual Studio Solution File, Format Version 12.00
# Visual Studio Version 17
VisualStudioVersion = 17.3.32929.385
MinimumVisualStudioVersion = 10.0.40219.1
Project("{FAE04EC0-301F-11D3-BF4B-00C04F79EFBC}") = "targetsistemas", "targetsistemas\targetsistemas.csproj", "{BF7D141E-0BDB-4AF1-8D4B-31828DAC104E}"
EndProject
Global
	GlobalSection(SolutionConfigurationPlatforms) = preSolution
		Debug|Any CPU = Debug|Any CPU
		Release|Any CPU = Release|Any CPU
	EndGlobalSection
	GlobalSection(ProjectConfigurationPlatforms) = postSolution
		{BF7D141E-0BDB-4AF1-8D4B-31828DAC104E}.Debug|Any CPU.ActiveCfg = Debug|Any CPU
		{BF7D141E-0BDB-4AF1-8D4B-31828DAC104E}.Debug|Any CPU.Build.0 = Debug|Any CPU
		{BF7D141E-0BDB-4AF1-8D4B-31828DAC104E}.Release|Any CPU.ActiveCfg = Release|Any CPU
		{BF7D141E-0BDB-4AF1-8D4B-31828DAC104E}.Release|Any CPU.Build.0 = Release|Any CPU
	EndGlobalSection
	GlobalSection(SolutionProperties) = preSolution
		HideSolutionNode = FALSE
	EndGlobalSection
	GlobalSection(ExtensibilityGlobals) = postSolution
		SolutionGuid = {C72284B1-9850-4DD1-82EB-8BD1302C345D}
	EndGlobalSection
EndGlobal
